
Microsoft Visual Studio Solution File, Format Version 12.00
# Visual Studio Version 17
VisualStudioVersion = 17.4.33213.308
MinimumVisualStudioVersion = 10.0.40219.1
Project("{FAE04EC0-301F-11D3-BF4B-00C04F79EFBC}") = "DivisaoContas", "DivisaoContas\DivisaoContas.csproj", "{BCDC9727-E7B5-4DB6-9FAB-B563E420C254}"
EndProject
Global
	GlobalSection(SolutionConfigurationPlatforms) = preSolution
		Debug|Any CPU = Debug|Any CPU
		Release|Any CPU = Release|Any CPU
	EndGlobalSection
	GlobalSection(ProjectConfigurationPlatforms) = postSolution
		{BCDC9727-E7B5-4DB6-9FAB-B563E420C254}.Debug|Any CPU.ActiveCfg = Debug|Any CPU
		{BCDC9727-E7B5-4DB6-9FAB-B563E420C254}.Debug|Any CPU.Build.0 = Debug|Any CPU
		{BCDC9727-E7B5-4DB6-9FAB-B563E420C254}.Release|Any CPU.ActiveCfg = Release|Any CPU
		{BCDC9727-E7B5-4DB6-9FAB-B563E420C254}.Release|Any CPU.Build.0 = Release|Any CPU
	EndGlobalSection
	GlobalSection(SolutionProperties) = preSolution
		HideSolutionNode = FALSE
	EndGlobalSection
	GlobalSection(ExtensibilityGlobals) = postSolution
		SolutionGuid = {ABAB4355-FD7F-45BF-ADE4-B82FB5208A77}
	EndGlobalSection
EndGlobal
